
Microsoft Visual Studio Solution File, Format Version 12.00
# Visual Studio Version 17
VisualStudioVersion = 17.4.33213.308
MinimumVisualStudioVersion = 10.0.40219.1
Project("{FAE04EC0-301F-11D3-BF4B-00C04F79EFBC}") = "Prueba1", "Prueba1\Prueba1.csproj", "{434DA6C2-F75B-40BD-ACDD-2E35417F7490}"
EndProject
Global
	GlobalSection(SolutionConfigurationPlatforms) = preSolution
		Debug|Any CPU = Debug|Any CPU
		Release|Any CPU = Release|Any CPU
	EndGlobalSection
	GlobalSection(ProjectConfigurationPlatforms) = postSolution
		{434DA6C2-F75B-40BD-ACDD-2E35417F7490}.Debug|Any CPU.ActiveCfg = Debug|Any CPU
		{434DA6C2-F75B-40BD-ACDD-2E35417F7490}.Debug|Any CPU.Build.0 = Debug|Any CPU
		{434DA6C2-F75B-40BD-ACDD-2E35417F7490}.Release|Any CPU.ActiveCfg = Release|Any CPU
		{434DA6C2-F75B-40BD-ACDD-2E35417F7490}.Release|Any CPU.Build.0 = Release|Any CPU
	EndGlobalSection
	GlobalSection(SolutionProperties) = preSolution
		HideSolutionNode = FALSE
	EndGlobalSection
	GlobalSection(ExtensibilityGlobals) = postSolution
		SolutionGuid = {47525FB8-02EB-46DB-9309-2CB55CB6D138}
	EndGlobalSection
EndGlobal
